
Microsoft Visual Studio Solution File, Format Version 12.00
# Visual Studio Version 16
Project("{8BC9CEB8-8B4A-11D0-8D11-00A0C91BC942}") = "ALL_BUILD", "ALL_BUILD.vcxproj", "{FBB64083-1EB1-330D-9AF0-A12510799F92}"
	ProjectSection(ProjectDependencies) = postProject
		{2DD8C891-98B7-3940-A5BD-FB3CCB089032} = {2DD8C891-98B7-3940-A5BD-FB3CCB089032}
		{097BCC5D-7734-3CC6-87D9-B5ECF4928CE0} = {097BCC5D-7734-3CC6-87D9-B5ECF4928CE0}
		{4974D953-0046-31F3-93CC-853EAC927264} = {4974D953-0046-31F3-93CC-853EAC927264}
		{AA1248EC-02E7-3466-93BB-B0A09EAC72DB} = {AA1248EC-02E7-3466-93BB-B0A09EAC72DB}
	EndProjectSection
EndProject
Project("{8BC9CEB8-8B4A-11D0-8D11-00A0C91BC942}") = "KEngine", "KEngine.vcxproj", "{2DD8C891-98B7-3940-A5BD-FB3CCB089032}"
	ProjectSection(ProjectDependencies) = postProject
		{097BCC5D-7734-3CC6-87D9-B5ECF4928CE0} = {097BCC5D-7734-3CC6-87D9-B5ECF4928CE0}
		{AA1248EC-02E7-3466-93BB-B0A09EAC72DB} = {AA1248EC-02E7-3466-93BB-B0A09EAC72DB}
	EndProjectSection
EndProject
Project("{8BC9CEB8-8B4A-11D0-8D11-00A0C91BC942}") = "ZERO_CHECK", "ZERO_CHECK.vcxproj", "{097BCC5D-7734-3CC6-87D9-B5ECF4928CE0}"
	ProjectSection(ProjectDependencies) = postProject
	EndProjectSection
EndProject
Project("{8BC9CEB8-8B4A-11D0-8D11-00A0C91BC942}") = "game", "game.vcxproj", "{4974D953-0046-31F3-93CC-853EAC927264}"
	ProjectSection(ProjectDependencies) = postProject
		{2DD8C891-98B7-3940-A5BD-FB3CCB089032} = {2DD8C891-98B7-3940-A5BD-FB3CCB089032}
		{097BCC5D-7734-3CC6-87D9-B5ECF4928CE0} = {097BCC5D-7734-3CC6-87D9-B5ECF4928CE0}
		{AA1248EC-02E7-3466-93BB-B0A09EAC72DB} = {AA1248EC-02E7-3466-93BB-B0A09EAC72DB}
	EndProjectSection
EndProject
Project("{8BC9CEB8-8B4A-11D0-8D11-00A0C91BC942}") = "rend", "rend.vcxproj", "{AA1248EC-02E7-3466-93BB-B0A09EAC72DB}"
	ProjectSection(ProjectDependencies) = postProject
		{097BCC5D-7734-3CC6-87D9-B5ECF4928CE0} = {097BCC5D-7734-3CC6-87D9-B5ECF4928CE0}
	EndProjectSection
EndProject
Global
	GlobalSection(SolutionConfigurationPlatforms) = preSolution
		Debug|x64 = Debug|x64
		Release|x64 = Release|x64
		MinSizeRel|x64 = MinSizeRel|x64
		RelWithDebInfo|x64 = RelWithDebInfo|x64
	EndGlobalSection
	GlobalSection(ProjectConfigurationPlatforms) = postSolution
		{FBB64083-1EB1-330D-9AF0-A12510799F92}.Debug|x64.ActiveCfg = Debug|x64
		{FBB64083-1EB1-330D-9AF0-A12510799F92}.Release|x64.ActiveCfg = Release|x64
		{FBB64083-1EB1-330D-9AF0-A12510799F92}.MinSizeRel|x64.ActiveCfg = MinSizeRel|x64
		{FBB64083-1EB1-330D-9AF0-A12510799F92}.RelWithDebInfo|x64.ActiveCfg = RelWithDebInfo|x64
		{2DD8C891-98B7-3940-A5BD-FB3CCB089032}.Debug|x64.ActiveCfg = Debug|x64
		{2DD8C891-98B7-3940-A5BD-FB3CCB089032}.Debug|x64.Build.0 = Debug|x64
		{2DD8C891-98B7-3940-A5BD-FB3CCB089032}.Release|x64.ActiveCfg = Release|x64
		{2DD8C891-98B7-3940-A5BD-FB3CCB089032}.Release|x64.Build.0 = Release|x64
		{2DD8C891-98B7-3940-A5BD-FB3CCB089032}.MinSizeRel|x64.ActiveCfg = MinSizeRel|x64
		{2DD8C891-98B7-3940-A5BD-FB3CCB089032}.MinSizeRel|x64.Build.0 = MinSizeRel|x64
		{2DD8C891-98B7-3940-A5BD-FB3CCB089032}.RelWithDebInfo|x64.ActiveCfg = RelWithDebInfo|x64
		{2DD8C891-98B7-3940-A5BD-FB3CCB089032}.RelWithDebInfo|x64.Build.0 = RelWithDebInfo|x64
		{097BCC5D-7734-3CC6-87D9-B5ECF4928CE0}.Debug|x64.ActiveCfg = Debug|x64
		{097BCC5D-7734-3CC6-87D9-B5ECF4928CE0}.Debug|x64.Build.0 = Debug|x64
		{097BCC5D-7734-3CC6-87D9-B5ECF4928CE0}.Release|x64.ActiveCfg = Release|x64
		{097BCC5D-7734-3CC6-87D9-B5ECF4928CE0}.Release|x64.Build.0 = Release|x64
		{097BCC5D-7734-3CC6-87D9-B5ECF4928CE0}.MinSizeRel|x64.ActiveCfg = MinSizeRel|x64
		{097BCC5D-7734-3CC6-87D9-B5ECF4928CE0}.MinSizeRel|x64.Build.0 = MinSizeRel|x64
		{097BCC5D-7734-3CC6-87D9-B5ECF4928CE0}.RelWithDebInfo|x64.ActiveCfg = RelWithDebInfo|x64
		{097BCC5D-7734-3CC6-87D9-B5ECF4928CE0}.RelWithDebInfo|x64.Build.0 = RelWithDebInfo|x64
		{4974D953-0046-31F3-93CC-853EAC927264}.Debug|x64.ActiveCfg = Debug|x64
		{4974D953-0046-31F3-93CC-853EAC927264}.Debug|x64.Build.0 = Debug|x64
		{4974D953-0046-31F3-93CC-853EAC927264}.Release|x64.ActiveCfg = Release|x64
		{4974D953-0046-31F3-93CC-853EAC927264}.Release|x64.Build.0 = Release|x64
		{4974D953-0046-31F3-93CC-853EAC927264}.MinSizeRel|x64.ActiveCfg = MinSizeRel|x64
		{4974D953-0046-31F3-93CC-853EAC927264}.MinSizeRel|x64.Build.0 = MinSizeRel|x64
		{4974D953-0046-31F3-93CC-853EAC927264}.RelWithDebInfo|x64.ActiveCfg = RelWithDebInfo|x64
		{4974D953-0046-31F3-93CC-853EAC927264}.RelWithDebInfo|x64.Build.0 = RelWithDebInfo|x64
		{AA1248EC-02E7-3466-93BB-B0A09EAC72DB}.Debug|x64.ActiveCfg = Debug|x64
		{AA1248EC-02E7-3466-93BB-B0A09EAC72DB}.Debug|x64.Build.0 = Debug|x64
		{AA1248EC-02E7-3466-93BB-B0A09EAC72DB}.Release|x64.ActiveCfg = Release|x64
		{AA1248EC-02E7-3466-93BB-B0A09EAC72DB}.Release|x64.Build.0 = Release|x64
		{AA1248EC-02E7-3466-93BB-B0A09EAC72DB}.MinSizeRel|x64.ActiveCfg = MinSizeRel|x64
		{AA1248EC-02E7-3466-93BB-B0A09EAC72DB}.MinSizeRel|x64.Build.0 = MinSizeRel|x64
		{AA1248EC-02E7-3466-93BB-B0A09EAC72DB}.RelWithDebInfo|x64.ActiveCfg = RelWithDebInfo|x64
		{AA1248EC-02E7-3466-93BB-B0A09EAC72DB}.RelWithDebInfo|x64.Build.0 = RelWithDebInfo|x64
	EndGlobalSection
	GlobalSection(ExtensibilityGlobals) = postSolution
		SolutionGuid = {FC03C184-D993-32C5-9ED9-74100BAFCD0A}
	EndGlobalSection
	GlobalSection(ExtensibilityAddIns) = postSolution
	EndGlobalSection
EndGlobal
